
Microsoft Visual Studio Solution File, Format Version 11.00
# Visual Studio 2010
Project("{FAE04EC0-301F-11D3-BF4B-00C04F79EFBC}") = "WPFTest", "WPFTest\WPFTest.csproj", "{2A00ABD9-C4CD-4647-AE56-5C5B8336DB9A}"
EndProject
Project("{FAE04EC0-301F-11D3-BF4B-00C04F79EFBC}") = "TaskDialog", "TaskDialog\TaskDialog.csproj", "{37FD53F7-8A8F-4427-8FF4-6299E2933A7E}"
EndProject
Project("{2150E333-8FDC-42A3-9474-1A3956D46DE8}") = "Solution Items", "Solution Items", "{0AEE669A-366A-428F-BDEF-A7954132DEBD}"
	ProjectSection(SolutionItems) = preProject
		license.txt = license.txt
		readme.markdown = readme.markdown
	EndProjectSection
EndProject
Global
	GlobalSection(SolutionConfigurationPlatforms) = preSolution
		Debug|Any CPU = Debug|Any CPU
		Debug|Mixed Platforms = Debug|Mixed Platforms
		Debug|x86 = Debug|x86
		Release|Any CPU = Release|Any CPU
		Release|Mixed Platforms = Release|Mixed Platforms
		Release|x86 = Release|x86
	EndGlobalSection
	GlobalSection(ProjectConfigurationPlatforms) = postSolution
		{2A00ABD9-C4CD-4647-AE56-5C5B8336DB9A}.Debug|Any CPU.ActiveCfg = Debug|x86
		{2A00ABD9-C4CD-4647-AE56-5C5B8336DB9A}.Debug|Mixed Platforms.ActiveCfg = Debug|x86
		{2A00ABD9-C4CD-4647-AE56-5C5B8336DB9A}.Debug|Mixed Platforms.Build.0 = Debug|x86
		{2A00ABD9-C4CD-4647-AE56-5C5B8336DB9A}.Debug|x86.ActiveCfg = Debug|x86
		{2A00ABD9-C4CD-4647-AE56-5C5B8336DB9A}.Debug|x86.Build.0 = Debug|x86
		{2A00ABD9-C4CD-4647-AE56-5C5B8336DB9A}.Release|Any CPU.ActiveCfg = Release|x86
		{2A00ABD9-C4CD-4647-AE56-5C5B8336DB9A}.Release|Mixed Platforms.ActiveCfg = Release|x86
		{2A00ABD9-C4CD-4647-AE56-5C5B8336DB9A}.Release|Mixed Platforms.Build.0 = Release|x86
		{2A00ABD9-C4CD-4647-AE56-5C5B8336DB9A}.Release|x86.ActiveCfg = Release|x86
		{2A00ABD9-C4CD-4647-AE56-5C5B8336DB9A}.Release|x86.Build.0 = Release|x86
		{37FD53F7-8A8F-4427-8FF4-6299E2933A7E}.Debug|Any CPU.ActiveCfg = Debug|Any CPU
		{37FD53F7-8A8F-4427-8FF4-6299E2933A7E}.Debug|Any CPU.Build.0 = Debug|Any CPU
		{37FD53F7-8A8F-4427-8FF4-6299E2933A7E}.Debug|Mixed Platforms.ActiveCfg = Debug|Any CPU
		{37FD53F7-8A8F-4427-8FF4-6299E2933A7E}.Debug|Mixed Platforms.Build.0 = Debug|Any CPU
		{37FD53F7-8A8F-4427-8FF4-6299E2933A7E}.Debug|x86.ActiveCfg = Debug|Any CPU
		{37FD53F7-8A8F-4427-8FF4-6299E2933A7E}.Release|Any CPU.ActiveCfg = Release|Any CPU
		{37FD53F7-8A8F-4427-8FF4-6299E2933A7E}.Release|Any CPU.Build.0 = Release|Any CPU
		{37FD53F7-8A8F-4427-8FF4-6299E2933A7E}.Release|Mixed Platforms.ActiveCfg = Release|Any CPU
		{37FD53F7-8A8F-4427-8FF4-6299E2933A7E}.Release|Mixed Platforms.Build.0 = Release|Any CPU
		{37FD53F7-8A8F-4427-8FF4-6299E2933A7E}.Release|x86.ActiveCfg = Release|Any CPU
	EndGlobalSection
	GlobalSection(SolutionProperties) = preSolution
		HideSolutionNode = FALSE
	EndGlobalSection
EndGlobal
